version: 2.0
shards:
  gi-crystal:
    git: https://github.com/hugopl/gi-crystal.git
    version: 0.24.0

  gtk4:
    git: https://github.com/hugopl/gtk4.cr.git
    version: 0.17.0+git.commit.d9f6e1f6dc3ff7f5e24c46c7601cfb3207cfc19b

  harfbuzz:
    git: https://github.com/hugopl/harfbuzz.cr.git
    version: 0.2.0

  pango:
    git: https://github.com/hugopl/pango.cr.git
    version: 0.3.1

